
Microsoft Visual Studio Solution File, Format Version 12.00
# Visual Studio 14
VisualStudioVersion = 14.0.25420.1
MinimumVisualStudioVersion = 10.0.40219.1
Project("{2150E333-8FDC-42A3-9474-1A3956D46DE8}") = "General", "General", "{89953BC3-3D2E-4031-9F55-72CB80EC1868}"
EndProject
Project("{2150E333-8FDC-42A3-9474-1A3956D46DE8}") = "Individuo", "Individuo", "{20B9509B-DD10-4C2A-AE21-9E5EE0FD7E59}"
EndProject
Project("{2150E333-8FDC-42A3-9474-1A3956D46DE8}") = "Seguridad", "Seguridad", "{D5DDA481-9C83-4FB6-AB74-151FC680D6DC}"
EndProject
Project("{2150E333-8FDC-42A3-9474-1A3956D46DE8}") = "FacturacionElectronica", "FacturacionElectronica", "{85377531-00D3-40FA-B4AF-6BEA8222BBC8}"
EndProject
Project("{2150E333-8FDC-42A3-9474-1A3956D46DE8}") = "RRHH", "RRHH", "{82773995-BD0D-41B8-B164-E23DAC83E633}"
EndProject
Project("{2150E333-8FDC-42A3-9474-1A3956D46DE8}") = "Inventario", "Inventario", "{93573C45-6488-4828-82E2-266031FF1508}"
EndProject
Project("{2150E333-8FDC-42A3-9474-1A3956D46DE8}") = "Contabilidad", "Contabilidad", "{4822A3DE-8615-4C32-A90F-937012E0EC81}"
EndProject
Project("{2150E333-8FDC-42A3-9474-1A3956D46DE8}") = "UIF", "UIF", "{AE20DA91-F9D0-40B1-AA83-2C3D59B33019}"
EndProject
Project("{FAE04EC0-301F-11D3-BF4B-00C04F79EFBC}") = "Web", "UIF\Web\Web.csproj", "{B7153EEB-C0D4-45A7-B8B0-E4540FC849BC}"
EndProject
Project("{FAE04EC0-301F-11D3-BF4B-00C04F79EFBC}") = "JLLR.Core.Seguridad.Proveedor", "Seguridad\JLLR.Core.Seguridad.Proveedor\JLLR.Core.Seguridad.Proveedor.csproj", "{ED6C8C40-149F-42F6-B167-6F22625EC61E}"
EndProject
Project("{FAE04EC0-301F-11D3-BF4B-00C04F79EFBC}") = "JLLR.Core.Seguridad.Servicio", "Seguridad\JLLR.Core.Seguridad.Servicio\JLLR.Core.Seguridad.Servicio.csproj", "{5BD7A3AF-B149-42DE-AB94-BF2959FFA5F5}"
EndProject
Project("{2150E333-8FDC-42A3-9474-1A3956D46DE8}") = "Base", "Base", "{986779D1-16AC-4FE2-BA50-EE476FC682F7}"
EndProject
Project("{FAE04EC0-301F-11D3-BF4B-00C04F79EFBC}") = "JLLR.Core.Base.Proveedor", "Base\JLLR.Core.Base.Proveedor\JLLR.Core.Base.Proveedor.csproj", "{7B02FF61-3C7A-4A7D-B1A8-C62710253A1B}"
EndProject
Project("{FAE04EC0-301F-11D3-BF4B-00C04F79EFBC}") = "JLLR.Core.Base.Servicio", "Base\JLLR.Core.Base.Servicio\JLLR.Core.Base.Servicio.csproj", "{401A2217-4EF6-4A9A-A2F3-30C989EBF1C2}"
EndProject
Project("{FAE04EC0-301F-11D3-BF4B-00C04F79EFBC}") = "JLLR.Core.Contabilidad.Proveedor", "Contabilidad\JLLR.Core.Contabilidad.Proveedor\JLLR.Core.Contabilidad.Proveedor.csproj", "{15F85319-533E-42B4-8779-83435B28257F}"
EndProject
Project("{FAE04EC0-301F-11D3-BF4B-00C04F79EFBC}") = "JLLR.Core.Contabilidad.Servicio", "Contabilidad\JLLR.Core.Contabilidad.Servicio\JLLR.Core.Contabilidad.Servicio.csproj", "{E539FFC9-07B8-4DEE-9D6F-2C425D55579B}"
EndProject
Project("{FAE04EC0-301F-11D3-BF4B-00C04F79EFBC}") = "JLLR.Core.FE.Servicio", "FacturacionElectronica\JLLR.Core.FE.Servicio\JLLR.Core.FE.Servicio.csproj", "{45EDFDD0-FF00-4786-A5E7-3209B50790F5}"
EndProject
Project("{FAE04EC0-301F-11D3-BF4B-00C04F79EFBC}") = "JLLR.Core.FE.Proveedor", "FacturacionElectronica\JLLR.Core.FE.Proveedor\JLLR.Core.FE.Proveedor.csproj", "{C7A3B9D6-2723-4921-AAB4-73B9DF4A30E7}"
EndProject
Project("{FAE04EC0-301F-11D3-BF4B-00C04F79EFBC}") = "JLLR.Core.General.Proveedor", "General\JLLR.Core.General.Proveedor\JLLR.Core.General.Proveedor.csproj", "{91CE19FB-21D6-4D1A-8729-F4BA82C636F5}"
EndProject
Project("{FAE04EC0-301F-11D3-BF4B-00C04F79EFBC}") = "JLLR.Core.General.Servicio", "General\JLLR.Core.General.Servicio\JLLR.Core.General.Servicio.csproj", "{FA1CB8EE-77D8-41C6-BB31-FEE6716B8CF8}"
EndProject
Project("{FAE04EC0-301F-11D3-BF4B-00C04F79EFBC}") = "JLLR.Core.Individuo.Servicio", "Individuo\JLLR.Core.Individuo.Servicio\JLLR.Core.Individuo.Servicio.csproj", "{01C917B9-F3B5-4E6F-B98A-5F16CEB8B59C}"
EndProject
Project("{FAE04EC0-301F-11D3-BF4B-00C04F79EFBC}") = "JLLR.Core.Individuo.Proveedor", "Individuo\JLLR.Core.Individuo.Proveedor\JLLR.Core.Individuo.Proveedor.csproj", "{5EEF7FE9-130F-4F0C-A544-882B24289D2A}"
EndProject
Project("{FAE04EC0-301F-11D3-BF4B-00C04F79EFBC}") = "JLLR.Core.Inventario.Proveedor", "Inventario\JLLR.Core.Inventario.Proveedor\JLLR.Core.Inventario.Proveedor.csproj", "{996BE5C0-7E7B-4487-A235-A4E412F9AC08}"
EndProject
Project("{FAE04EC0-301F-11D3-BF4B-00C04F79EFBC}") = "JLLR.Core.Inventario.Servicio", "Inventario\JLLR.Core.Inventario.Servicio\JLLR.Core.Inventario.Servicio.csproj", "{A3EE7799-0761-4E63-A4AB-EC4CF44E4A7C}"
EndProject
Project("{FAE04EC0-301F-11D3-BF4B-00C04F79EFBC}") = "JLLR.Core.RRHH.Servicio", "RRHH\JLLR.Core.RRHH.Servicio\JLLR.Core.RRHH.Servicio.csproj", "{E83ABA6D-CBD3-41FE-B5BB-7C2C3B69DE68}"
EndProject
Project("{FAE04EC0-301F-11D3-BF4B-00C04F79EFBC}") = "JLLR.Core.RRHH.Proveedor", "RRHH\JLLR.Core.RRHH.Proveedor\JLLR.Core.RRHH.Proveedor.csproj", "{C9903CD6-CC8D-4091-AC99-82853399471F}"
EndProject
Project("{2150E333-8FDC-42A3-9474-1A3956D46DE8}") = "Logistica", "Logistica", "{68525949-A2FF-4DC7-A02F-7C0FBBD9052E}"
EndProject
Project("{2150E333-8FDC-42A3-9474-1A3956D46DE8}") = "Produccion", "Produccion", "{CEF120A1-8F43-480E-8239-B0D5C879DD3C}"
EndProject
Project("{FAE04EC0-301F-11D3-BF4B-00C04F79EFBC}") = "JLLR.Core.Logistica.Servicio", "Logistica\JLLR.Core.Logistica.Servicio\JLLR.Core.Logistica.Servicio.csproj", "{6C8FDA01-A91F-42F0-902B-0E2CE0F362B4}"
EndProject
Project("{FAE04EC0-301F-11D3-BF4B-00C04F79EFBC}") = "JLLR.Core.Logistica.Proveedor", "Logistica\JLLR.Core.Logistica.Proveedor\JLLR.Core.Logistica.Proveedor.csproj", "{00BAE955-C56D-40BF-9E91-75E4713F5727}"
EndProject
Project("{FAE04EC0-301F-11D3-BF4B-00C04F79EFBC}") = "JLLR.Core.Produccion.Proveedor", "Produccion\JLLR.Core.Produccion.Proveedor\JLLR.Core.Produccion.Proveedor.csproj", "{660B2373-9580-486E-971F-AC52E146C302}"
EndProject
Project("{FAE04EC0-301F-11D3-BF4B-00C04F79EFBC}") = "JLLR.Core.Produccion.Servicio", "Produccion\JLLR.Core.Produccion.Servicio\JLLR.Core.Produccion.Servicio.csproj", "{15D08225-F546-4F40-8985-31A709BD3803}"
EndProject
Project("{2150E333-8FDC-42A3-9474-1A3956D46DE8}") = "Venta", "Venta", "{80AFB00A-05A7-4480-932B-B2376CE9C38C}"
EndProject
Project("{FAE04EC0-301F-11D3-BF4B-00C04F79EFBC}") = "JLLR.Core.Venta.Servicio", "Venta\JLLR.Core.Venta.Servicio\JLLR.Core.Venta.Servicio.csproj", "{E2FE21F5-11A4-43D9-8788-E2F13FDF9C6C}"
EndProject
Project("{FAE04EC0-301F-11D3-BF4B-00C04F79EFBC}") = "JLLR.Core.Venta.Proveedor", "Venta\JLLR.Core.Venta.Proveedor\JLLR.Core.Venta.Proveedor.csproj", "{1387CD88-B0BA-4E2F-84E9-AED2F217D6A0}"
EndProject
Project("{2150E333-8FDC-42A3-9474-1A3956D46DE8}") = "FlujoProceso", "FlujoProceso", "{B0151230-E3C7-44BF-9771-F915D244B07B}"
EndProject
Project("{FAE04EC0-301F-11D3-BF4B-00C04F79EFBC}") = "JLLR.Core.FlujoProceso.Proveedor", "FlujoProceso\JLLR.Core.FlujoProceso.Proveedor\JLLR.Core.FlujoProceso.Proveedor.csproj", "{E20E72CD-D6BA-4478-B9B2-52A06DB1ABB0}"
EndProject
Project("{FAE04EC0-301F-11D3-BF4B-00C04F79EFBC}") = "JLLR.Core.FlujoProceso.Servicio", "FlujoProceso\JLLR.Core.FlujoProceso.Servicio\JLLR.Core.FlujoProceso.Servicio.csproj", "{34EBB264-08C8-4509-AD8D-294710827F72}"
EndProject
Project("{2150E333-8FDC-42A3-9474-1A3956D46DE8}") = "ReglaNegocio", "ReglaNegocio", "{A0C9A1C1-0B54-4D84-A5FE-D3BAC3BCF858}"
EndProject
Project("{FAE04EC0-301F-11D3-BF4B-00C04F79EFBC}") = "JLLR.Core.ReglaNegocio.Proveedor", "ReglaNegocio\JLLR.Core.ReglaNegocio.Proveedor\JLLR.Core.ReglaNegocio.Proveedor.csproj", "{C4898767-C180-4C77-B1D5-0B33FA7B0954}"
EndProject
Project("{FAE04EC0-301F-11D3-BF4B-00C04F79EFBC}") = "JLLR.Core.ReglaNegocio.Servicio", "ReglaNegocio\JLLR.Core.ReglaNegocio.Servicio\JLLR.Core.ReglaNegocio.Servicio.csproj", "{FB092F9E-CC37-4CE0-8C72-4E697134758F}"
EndProject
Project("{2150E333-8FDC-42A3-9474-1A3956D46DE8}") = "Proceso", "Proceso", "{19F35D23-A03D-4FE6-AC7F-957E09F61F64}"
EndProject
Project("{FAE04EC0-301F-11D3-BF4B-00C04F79EFBC}") = "JLLR.Core.Proceso.Proveedor", "Proceso\JLLR.Core.Proceso.Proveedor\JLLR.Core.Proceso.Proveedor.csproj", "{5C78FECF-FCE2-443F-887B-F696915F6FA7}"
EndProject
Project("{FAE04EC0-301F-11D3-BF4B-00C04F79EFBC}") = "JLLR.Core.Proceso.Servicio", "Proceso\JLLR.Core.Proceso.Servicio\JLLR.Core.Proceso.Servicio.csproj", "{E3DCC57E-57C8-47BA-AFA0-8378B5A1A2BC}"
EndProject
Project("{FAE04EC0-301F-11D3-BF4B-00C04F79EFBC}") = "JLLR.Core.Proceso.Ejecutable", "Proceso\JLLR.Core.Proceso.Ejecutable\JLLR.Core.Proceso.Ejecutable.csproj", "{53E91134-69EE-4E92-AA8C-70F76A4E647D}"
EndProject
Project("{FAE04EC0-301F-11D3-BF4B-00C04F79EFBC}") = "WebCliente", "UIF\WebCliente\WebCliente.csproj", "{A3BEA760-0769-410C-A38C-7A84050A820D}"
EndProject
Global
	GlobalSection(SolutionConfigurationPlatforms) = preSolution
		Debug|Any CPU = Debug|Any CPU
		Release|Any CPU = Release|Any CPU
	EndGlobalSection
	GlobalSection(ProjectConfigurationPlatforms) = postSolution
		{B7153EEB-C0D4-45A7-B8B0-E4540FC849BC}.Debug|Any CPU.ActiveCfg = Debug|Any CPU
		{B7153EEB-C0D4-45A7-B8B0-E4540FC849BC}.Debug|Any CPU.Build.0 = Debug|Any CPU
		{B7153EEB-C0D4-45A7-B8B0-E4540FC849BC}.Release|Any CPU.ActiveCfg = Release|Any CPU
		{B7153EEB-C0D4-45A7-B8B0-E4540FC849BC}.Release|Any CPU.Build.0 = Release|Any CPU
		{ED6C8C40-149F-42F6-B167-6F22625EC61E}.Debug|Any CPU.ActiveCfg = Debug|Any CPU
		{ED6C8C40-149F-42F6-B167-6F22625EC61E}.Debug|Any CPU.Build.0 = Debug|Any CPU
		{ED6C8C40-149F-42F6-B167-6F22625EC61E}.Release|Any CPU.ActiveCfg = Release|Any CPU
		{ED6C8C40-149F-42F6-B167-6F22625EC61E}.Release|Any CPU.Build.0 = Release|Any CPU
		{5BD7A3AF-B149-42DE-AB94-BF2959FFA5F5}.Debug|Any CPU.ActiveCfg = Debug|Any CPU
		{5BD7A3AF-B149-42DE-AB94-BF2959FFA5F5}.Debug|Any CPU.Build.0 = Debug|Any CPU
		{5BD7A3AF-B149-42DE-AB94-BF2959FFA5F5}.Release|Any CPU.ActiveCfg = Release|Any CPU
		{5BD7A3AF-B149-42DE-AB94-BF2959FFA5F5}.Release|Any CPU.Build.0 = Release|Any CPU
		{7B02FF61-3C7A-4A7D-B1A8-C62710253A1B}.Debug|Any CPU.ActiveCfg = Debug|Any CPU
		{7B02FF61-3C7A-4A7D-B1A8-C62710253A1B}.Debug|Any CPU.Build.0 = Debug|Any CPU
		{7B02FF61-3C7A-4A7D-B1A8-C62710253A1B}.Release|Any CPU.ActiveCfg = Release|Any CPU
		{7B02FF61-3C7A-4A7D-B1A8-C62710253A1B}.Release|Any CPU.Build.0 = Release|Any CPU
		{401A2217-4EF6-4A9A-A2F3-30C989EBF1C2}.Debug|Any CPU.ActiveCfg = Debug|Any CPU
		{401A2217-4EF6-4A9A-A2F3-30C989EBF1C2}.Debug|Any CPU.Build.0 = Debug|Any CPU
		{401A2217-4EF6-4A9A-A2F3-30C989EBF1C2}.Release|Any CPU.ActiveCfg = Release|Any CPU
		{401A2217-4EF6-4A9A-A2F3-30C989EBF1C2}.Release|Any CPU.Build.0 = Release|Any CPU
		{15F85319-533E-42B4-8779-83435B28257F}.Debug|Any CPU.ActiveCfg = Debug|Any CPU
		{15F85319-533E-42B4-8779-83435B28257F}.Debug|Any CPU.Build.0 = Debug|Any CPU
		{15F85319-533E-42B4-8779-83435B28257F}.Release|Any CPU.ActiveCfg = Release|Any CPU
		{15F85319-533E-42B4-8779-83435B28257F}.Release|Any CPU.Build.0 = Release|Any CPU
		{E539FFC9-07B8-4DEE-9D6F-2C425D55579B}.Debug|Any CPU.ActiveCfg = Debug|Any CPU
		{E539FFC9-07B8-4DEE-9D6F-2C425D55579B}.Debug|Any CPU.Build.0 = Debug|Any CPU
		{E539FFC9-07B8-4DEE-9D6F-2C425D55579B}.Release|Any CPU.ActiveCfg = Release|Any CPU
		{E539FFC9-07B8-4DEE-9D6F-2C425D55579B}.Release|Any CPU.Build.0 = Release|Any CPU
		{45EDFDD0-FF00-4786-A5E7-3209B50790F5}.Debug|Any CPU.ActiveCfg = Debug|Any CPU
		{45EDFDD0-FF00-4786-A5E7-3209B50790F5}.Debug|Any CPU.Build.0 = Debug|Any CPU
		{45EDFDD0-FF00-4786-A5E7-3209B50790F5}.Release|Any CPU.ActiveCfg = Release|Any CPU
		{45EDFDD0-FF00-4786-A5E7-3209B50790F5}.Release|Any CPU.Build.0 = Release|Any CPU
		{C7A3B9D6-2723-4921-AAB4-73B9DF4A30E7}.Debug|Any CPU.ActiveCfg = Debug|Any CPU
		{C7A3B9D6-2723-4921-AAB4-73B9DF4A30E7}.Debug|Any CPU.Build.0 = Debug|Any CPU
		{C7A3B9D6-2723-4921-AAB4-73B9DF4A30E7}.Release|Any CPU.ActiveCfg = Release|Any CPU
		{C7A3B9D6-2723-4921-AAB4-73B9DF4A30E7}.Release|Any CPU.Build.0 = Release|Any CPU
		{91CE19FB-21D6-4D1A-8729-F4BA82C636F5}.Debug|Any CPU.ActiveCfg = Debug|Any CPU
		{91CE19FB-21D6-4D1A-8729-F4BA82C636F5}.Debug|Any CPU.Build.0 = Debug|Any CPU
		{91CE19FB-21D6-4D1A-8729-F4BA82C636F5}.Release|Any CPU.ActiveCfg = Release|Any CPU
		{91CE19FB-21D6-4D1A-8729-F4BA82C636F5}.Release|Any CPU.Build.0 = Release|Any CPU
		{FA1CB8EE-77D8-41C6-BB31-FEE6716B8CF8}.Debug|Any CPU.ActiveCfg = Debug|Any CPU
		{FA1CB8EE-77D8-41C6-BB31-FEE6716B8CF8}.Debug|Any CPU.Build.0 = Debug|Any CPU
		{FA1CB8EE-77D8-41C6-BB31-FEE6716B8CF8}.Release|Any CPU.ActiveCfg = Release|Any CPU
		{FA1CB8EE-77D8-41C6-BB31-FEE6716B8CF8}.Release|Any CPU.Build.0 = Release|Any CPU
		{01C917B9-F3B5-4E6F-B98A-5F16CEB8B59C}.Debug|Any CPU.ActiveCfg = Debug|Any CPU
		{01C917B9-F3B5-4E6F-B98A-5F16CEB8B59C}.Debug|Any CPU.Build.0 = Debug|Any CPU
		{01C917B9-F3B5-4E6F-B98A-5F16CEB8B59C}.Release|Any CPU.ActiveCfg = Release|Any CPU
		{01C917B9-F3B5-4E6F-B98A-5F16CEB8B59C}.Release|Any CPU.Build.0 = Release|Any CPU
		{5EEF7FE9-130F-4F0C-A544-882B24289D2A}.Debug|Any CPU.ActiveCfg = Debug|Any CPU
		{5EEF7FE9-130F-4F0C-A544-882B24289D2A}.Debug|Any CPU.Build.0 = Debug|Any CPU
		{5EEF7FE9-130F-4F0C-A544-882B24289D2A}.Release|Any CPU.ActiveCfg = Release|Any CPU
		{5EEF7FE9-130F-4F0C-A544-882B24289D2A}.Release|Any CPU.Build.0 = Release|Any CPU
		{996BE5C0-7E7B-4487-A235-A4E412F9AC08}.Debug|Any CPU.ActiveCfg = Debug|Any CPU
		{996BE5C0-7E7B-4487-A235-A4E412F9AC08}.Debug|Any CPU.Build.0 = Debug|Any CPU
		{996BE5C0-7E7B-4487-A235-A4E412F9AC08}.Release|Any CPU.ActiveCfg = Release|Any CPU
		{996BE5C0-7E7B-4487-A235-A4E412F9AC08}.Release|Any CPU.Build.0 = Release|Any CPU
		{A3EE7799-0761-4E63-A4AB-EC4CF44E4A7C}.Debug|Any CPU.ActiveCfg = Debug|Any CPU
		{A3EE7799-0761-4E63-A4AB-EC4CF44E4A7C}.Debug|Any CPU.Build.0 = Debug|Any CPU
		{A3EE7799-0761-4E63-A4AB-EC4CF44E4A7C}.Release|Any CPU.ActiveCfg = Release|Any CPU
		{A3EE7799-0761-4E63-A4AB-EC4CF44E4A7C}.Release|Any CPU.Build.0 = Release|Any CPU
		{E83ABA6D-CBD3-41FE-B5BB-7C2C3B69DE68}.Debug|Any CPU.ActiveCfg = Debug|Any CPU
		{E83ABA6D-CBD3-41FE-B5BB-7C2C3B69DE68}.Debug|Any CPU.Build.0 = Debug|Any CPU
		{E83ABA6D-CBD3-41FE-B5BB-7C2C3B69DE68}.Release|Any CPU.ActiveCfg = Release|Any CPU
		{E83ABA6D-CBD3-41FE-B5BB-7C2C3B69DE68}.Release|Any CPU.Build.0 = Release|Any CPU
		{C9903CD6-CC8D-4091-AC99-82853399471F}.Debug|Any CPU.ActiveCfg = Debug|Any CPU
		{C9903CD6-CC8D-4091-AC99-82853399471F}.Debug|Any CPU.Build.0 = Debug|Any CPU
		{C9903CD6-CC8D-4091-AC99-82853399471F}.Release|Any CPU.ActiveCfg = Release|Any CPU
		{C9903CD6-CC8D-4091-AC99-82853399471F}.Release|Any CPU.Build.0 = Release|Any CPU
		{6C8FDA01-A91F-42F0-902B-0E2CE0F362B4}.Debug|Any CPU.ActiveCfg = Debug|Any CPU
		{6C8FDA01-A91F-42F0-902B-0E2CE0F362B4}.Debug|Any CPU.Build.0 = Debug|Any CPU
		{6C8FDA01-A91F-42F0-902B-0E2CE0F362B4}.Release|Any CPU.ActiveCfg = Release|Any CPU
		{6C8FDA01-A91F-42F0-902B-0E2CE0F362B4}.Release|Any CPU.Build.0 = Release|Any CPU
		{00BAE955-C56D-40BF-9E91-75E4713F5727}.Debug|Any CPU.ActiveCfg = Debug|Any CPU
		{00BAE955-C56D-40BF-9E91-75E4713F5727}.Debug|Any CPU.Build.0 = Debug|Any CPU
		{00BAE955-C56D-40BF-9E91-75E4713F5727}.Release|Any CPU.ActiveCfg = Release|Any CPU
		{00BAE955-C56D-40BF-9E91-75E4713F5727}.Release|Any CPU.Build.0 = Release|Any CPU
		{660B2373-9580-486E-971F-AC52E146C302}.Debug|Any CPU.ActiveCfg = Debug|Any CPU
		{660B2373-9580-486E-971F-AC52E146C302}.Debug|Any CPU.Build.0 = Debug|Any CPU
		{660B2373-9580-486E-971F-AC52E146C302}.Release|Any CPU.ActiveCfg = Release|Any CPU
		{660B2373-9580-486E-971F-AC52E146C302}.Release|Any CPU.Build.0 = Release|Any CPU
		{15D08225-F546-4F40-8985-31A709BD3803}.Debug|Any CPU.ActiveCfg = Debug|Any CPU
		{15D08225-F546-4F40-8985-31A709BD3803}.Debug|Any CPU.Build.0 = Debug|Any CPU
		{15D08225-F546-4F40-8985-31A709BD3803}.Release|Any CPU.ActiveCfg = Release|Any CPU
		{15D08225-F546-4F40-8985-31A709BD3803}.Release|Any CPU.Build.0 = Release|Any CPU
		{E2FE21F5-11A4-43D9-8788-E2F13FDF9C6C}.Debug|Any CPU.ActiveCfg = Debug|Any CPU
		{E2FE21F5-11A4-43D9-8788-E2F13FDF9C6C}.Debug|Any CPU.Build.0 = Debug|Any CPU
		{E2FE21F5-11A4-43D9-8788-E2F13FDF9C6C}.Release|Any CPU.ActiveCfg = Release|Any CPU
		{E2FE21F5-11A4-43D9-8788-E2F13FDF9C6C}.Release|Any CPU.Build.0 = Release|Any CPU
		{1387CD88-B0BA-4E2F-84E9-AED2F217D6A0}.Debug|Any CPU.ActiveCfg = Debug|Any CPU
		{1387CD88-B0BA-4E2F-84E9-AED2F217D6A0}.Debug|Any CPU.Build.0 = Debug|Any CPU
		{1387CD88-B0BA-4E2F-84E9-AED2F217D6A0}.Release|Any CPU.ActiveCfg = Release|Any CPU
		{1387CD88-B0BA-4E2F-84E9-AED2F217D6A0}.Release|Any CPU.Build.0 = Release|Any CPU
		{E20E72CD-D6BA-4478-B9B2-52A06DB1ABB0}.Debug|Any CPU.ActiveCfg = Debug|Any CPU
		{E20E72CD-D6BA-4478-B9B2-52A06DB1ABB0}.Debug|Any CPU.Build.0 = Debug|Any CPU
		{E20E72CD-D6BA-4478-B9B2-52A06DB1ABB0}.Release|Any CPU.ActiveCfg = Release|Any CPU
		{E20E72CD-D6BA-4478-B9B2-52A06DB1ABB0}.Release|Any CPU.Build.0 = Release|Any CPU
		{34EBB264-08C8-4509-AD8D-294710827F72}.Debug|Any CPU.ActiveCfg = Debug|Any CPU
		{34EBB264-08C8-4509-AD8D-294710827F72}.Debug|Any CPU.Build.0 = Debug|Any CPU
		{34EBB264-08C8-4509-AD8D-294710827F72}.Release|Any CPU.ActiveCfg = Release|Any CPU
		{34EBB264-08C8-4509-AD8D-294710827F72}.Release|Any CPU.Build.0 = Release|Any CPU
		{C4898767-C180-4C77-B1D5-0B33FA7B0954}.Debug|Any CPU.ActiveCfg = Debug|Any CPU
		{C4898767-C180-4C77-B1D5-0B33FA7B0954}.Debug|Any CPU.Build.0 = Debug|Any CPU
		{C4898767-C180-4C77-B1D5-0B33FA7B0954}.Release|Any CPU.ActiveCfg = Release|Any CPU
		{C4898767-C180-4C77-B1D5-0B33FA7B0954}.Release|Any CPU.Build.0 = Release|Any CPU
		{FB092F9E-CC37-4CE0-8C72-4E697134758F}.Debug|Any CPU.ActiveCfg = Debug|Any CPU
		{FB092F9E-CC37-4CE0-8C72-4E697134758F}.Debug|Any CPU.Build.0 = Debug|Any CPU
		{FB092F9E-CC37-4CE0-8C72-4E697134758F}.Release|Any CPU.ActiveCfg = Release|Any CPU
		{FB092F9E-CC37-4CE0-8C72-4E697134758F}.Release|Any CPU.Build.0 = Release|Any CPU
		{5C78FECF-FCE2-443F-887B-F696915F6FA7}.Debug|Any CPU.ActiveCfg = Debug|Any CPU
		{5C78FECF-FCE2-443F-887B-F696915F6FA7}.Debug|Any CPU.Build.0 = Debug|Any CPU
		{5C78FECF-FCE2-443F-887B-F696915F6FA7}.Release|Any CPU.ActiveCfg = Release|Any CPU
		{5C78FECF-FCE2-443F-887B-F696915F6FA7}.Release|Any CPU.Build.0 = Release|Any CPU
		{E3DCC57E-57C8-47BA-AFA0-8378B5A1A2BC}.Debug|Any CPU.ActiveCfg = Debug|Any CPU
		{E3DCC57E-57C8-47BA-AFA0-8378B5A1A2BC}.Debug|Any CPU.Build.0 = Debug|Any CPU
		{E3DCC57E-57C8-47BA-AFA0-8378B5A1A2BC}.Release|Any CPU.ActiveCfg = Release|Any CPU
		{E3DCC57E-57C8-47BA-AFA0-8378B5A1A2BC}.Release|Any CPU.Build.0 = Release|Any CPU
		{53E91134-69EE-4E92-AA8C-70F76A4E647D}.Debug|Any CPU.ActiveCfg = Debug|Any CPU
		{53E91134-69EE-4E92-AA8C-70F76A4E647D}.Debug|Any CPU.Build.0 = Debug|Any CPU
		{53E91134-69EE-4E92-AA8C-70F76A4E647D}.Release|Any CPU.ActiveCfg = Release|Any CPU
		{53E91134-69EE-4E92-AA8C-70F76A4E647D}.Release|Any CPU.Build.0 = Release|Any CPU
		{A3BEA760-0769-410C-A38C-7A84050A820D}.Debug|Any CPU.ActiveCfg = Debug|Any CPU
		{A3BEA760-0769-410C-A38C-7A84050A820D}.Debug|Any CPU.Build.0 = Debug|Any CPU
		{A3BEA760-0769-410C-A38C-7A84050A820D}.Release|Any CPU.ActiveCfg = Release|Any CPU
		{A3BEA760-0769-410C-A38C-7A84050A820D}.Release|Any CPU.Build.0 = Release|Any CPU
	EndGlobalSection
	GlobalSection(SolutionProperties) = preSolution
		HideSolutionNode = FALSE
	EndGlobalSection
	GlobalSection(NestedProjects) = preSolution
		{B7153EEB-C0D4-45A7-B8B0-E4540FC849BC} = {AE20DA91-F9D0-40B1-AA83-2C3D59B33019}
		{ED6C8C40-149F-42F6-B167-6F22625EC61E} = {D5DDA481-9C83-4FB6-AB74-151FC680D6DC}
		{5BD7A3AF-B149-42DE-AB94-BF2959FFA5F5} = {D5DDA481-9C83-4FB6-AB74-151FC680D6DC}
		{7B02FF61-3C7A-4A7D-B1A8-C62710253A1B} = {986779D1-16AC-4FE2-BA50-EE476FC682F7}
		{401A2217-4EF6-4A9A-A2F3-30C989EBF1C2} = {986779D1-16AC-4FE2-BA50-EE476FC682F7}
		{15F85319-533E-42B4-8779-83435B28257F} = {4822A3DE-8615-4C32-A90F-937012E0EC81}
		{E539FFC9-07B8-4DEE-9D6F-2C425D55579B} = {4822A3DE-8615-4C32-A90F-937012E0EC81}
		{45EDFDD0-FF00-4786-A5E7-3209B50790F5} = {85377531-00D3-40FA-B4AF-6BEA8222BBC8}
		{C7A3B9D6-2723-4921-AAB4-73B9DF4A30E7} = {85377531-00D3-40FA-B4AF-6BEA8222BBC8}
		{91CE19FB-21D6-4D1A-8729-F4BA82C636F5} = {89953BC3-3D2E-4031-9F55-72CB80EC1868}
		{FA1CB8EE-77D8-41C6-BB31-FEE6716B8CF8} = {89953BC3-3D2E-4031-9F55-72CB80EC1868}
		{01C917B9-F3B5-4E6F-B98A-5F16CEB8B59C} = {20B9509B-DD10-4C2A-AE21-9E5EE0FD7E59}
		{5EEF7FE9-130F-4F0C-A544-882B24289D2A} = {20B9509B-DD10-4C2A-AE21-9E5EE0FD7E59}
		{996BE5C0-7E7B-4487-A235-A4E412F9AC08} = {93573C45-6488-4828-82E2-266031FF1508}
		{A3EE7799-0761-4E63-A4AB-EC4CF44E4A7C} = {93573C45-6488-4828-82E2-266031FF1508}
		{E83ABA6D-CBD3-41FE-B5BB-7C2C3B69DE68} = {82773995-BD0D-41B8-B164-E23DAC83E633}
		{C9903CD6-CC8D-4091-AC99-82853399471F} = {82773995-BD0D-41B8-B164-E23DAC83E633}
		{6C8FDA01-A91F-42F0-902B-0E2CE0F362B4} = {68525949-A2FF-4DC7-A02F-7C0FBBD9052E}
		{00BAE955-C56D-40BF-9E91-75E4713F5727} = {68525949-A2FF-4DC7-A02F-7C0FBBD9052E}
		{660B2373-9580-486E-971F-AC52E146C302} = {CEF120A1-8F43-480E-8239-B0D5C879DD3C}
		{15D08225-F546-4F40-8985-31A709BD3803} = {CEF120A1-8F43-480E-8239-B0D5C879DD3C}
		{E2FE21F5-11A4-43D9-8788-E2F13FDF9C6C} = {80AFB00A-05A7-4480-932B-B2376CE9C38C}
		{1387CD88-B0BA-4E2F-84E9-AED2F217D6A0} = {80AFB00A-05A7-4480-932B-B2376CE9C38C}
		{E20E72CD-D6BA-4478-B9B2-52A06DB1ABB0} = {B0151230-E3C7-44BF-9771-F915D244B07B}
		{34EBB264-08C8-4509-AD8D-294710827F72} = {B0151230-E3C7-44BF-9771-F915D244B07B}
		{C4898767-C180-4C77-B1D5-0B33FA7B0954} = {A0C9A1C1-0B54-4D84-A5FE-D3BAC3BCF858}
		{FB092F9E-CC37-4CE0-8C72-4E697134758F} = {A0C9A1C1-0B54-4D84-A5FE-D3BAC3BCF858}
		{5C78FECF-FCE2-443F-887B-F696915F6FA7} = {19F35D23-A03D-4FE6-AC7F-957E09F61F64}
		{E3DCC57E-57C8-47BA-AFA0-8378B5A1A2BC} = {19F35D23-A03D-4FE6-AC7F-957E09F61F64}
		{53E91134-69EE-4E92-AA8C-70F76A4E647D} = {19F35D23-A03D-4FE6-AC7F-957E09F61F64}
		{A3BEA760-0769-410C-A38C-7A84050A820D} = {AE20DA91-F9D0-40B1-AA83-2C3D59B33019}
	EndGlobalSection
EndGlobal
